
Microsoft Visual Studio Solution File, Format Version 12.00
# Visual Studio Version 17
VisualStudioVersion = 17.8.34330.188
MinimumVisualStudioVersion = 10.0.40219.1
Project("{FAE04EC0-301F-11D3-BF4B-00C04F79EFBC}") = "week3", "week3\week3.csproj", "{5BF98883-66AC-4793-8869-E7E4C024F0D5}"
EndProject
Project("{FAE04EC0-301F-11D3-BF4B-00C04F79EFBC}") = "week32", "week32\week32.csproj", "{2D5868D0-2E42-4DA1-8749-FA0F912AE391}"
EndProject
Global
	GlobalSection(SolutionConfigurationPlatforms) = preSolution
		Debug|Any CPU = Debug|Any CPU
		Release|Any CPU = Release|Any CPU
	EndGlobalSection
	GlobalSection(ProjectConfigurationPlatforms) = postSolution
		{5BF98883-66AC-4793-8869-E7E4C024F0D5}.Debug|Any CPU.ActiveCfg = Debug|Any CPU
		{5BF98883-66AC-4793-8869-E7E4C024F0D5}.Debug|Any CPU.Build.0 = Debug|Any CPU
		{5BF98883-66AC-4793-8869-E7E4C024F0D5}.Release|Any CPU.ActiveCfg = Release|Any CPU
		{5BF98883-66AC-4793-8869-E7E4C024F0D5}.Release|Any CPU.Build.0 = Release|Any CPU
		{2D5868D0-2E42-4DA1-8749-FA0F912AE391}.Debug|Any CPU.ActiveCfg = Debug|Any CPU
		{2D5868D0-2E42-4DA1-8749-FA0F912AE391}.Debug|Any CPU.Build.0 = Debug|Any CPU
		{2D5868D0-2E42-4DA1-8749-FA0F912AE391}.Release|Any CPU.ActiveCfg = Release|Any CPU
		{2D5868D0-2E42-4DA1-8749-FA0F912AE391}.Release|Any CPU.Build.0 = Release|Any CPU
	EndGlobalSection
	GlobalSection(SolutionProperties) = preSolution
		HideSolutionNode = FALSE
	EndGlobalSection
	GlobalSection(ExtensibilityGlobals) = postSolution
		SolutionGuid = {2C06EEE9-9541-4EC9-88D6-08AA53550605}
	EndGlobalSection
EndGlobal
